# This file is automatically @generated by Cargo.
# It is not intended for manual editing.
version = 4

[[package]]
name = "kosmos-plugin-sdk"
version = "0.1.0"
source = "registry+https://github.com/rust-lang/crates.io-index"
checksum = "0dc5961343154f3ccc55480b4c14337454776c2584314addd44370beefcb2eed"

[[package]]
name = "ping"
version = "0.1.0"
dependencies = [
 "kosmos-plugin-sdk",
]
